{
  "requires": true,
  "lockfileVersion": 1,
  "dependencies": {
    "markdown-it-footnote": {
      "version": "3.0.1",
      "resolved": "https://registry.npmjs.org/markdown-it-footnote/-/markdown-it-footnote-3.0.1.tgz",
      "integrity": "sha1-fzcwdHysyG4v4L+KF6cQ80eRUXo="
    },
    "markdown-it-imsize": {
      "version": "2.0.1",
      "resolved": "https://registry.npmjs.org/markdown-it-imsize/-/markdown-it-imsize-2.0.1.tgz",
      "integrity": "sha1-zKBCeQXQUziiR8ucqdloxc3dUXA="
    },
    "markdown-it-plantuml": {
      "version": "1.2.0",
      "resolved": "https://registry.npmjs.org/markdown-it-plantuml/-/markdown-it-plantuml-1.2.0.tgz",
      "integrity": "sha512-AEw4vQdh5RG4N7+3tf7FcL/QSeU+NJx9qy04Pn+c3/Njlik60CukB3drv2bcP8FwbNyR6Nwk+fkUPZcj3sUjTA=="
    },
    "markdown-it-smartarrows": {
      "version": "1.0.1",
      "resolved": "https://registry.npmjs.org/markdown-it-smartarrows/-/markdown-it-smartarrows-1.0.1.tgz",
      "integrity": "sha1-tXDpwP+YEuDbas4Zr6W6ErZLuac="
    }
  }
}
